<?xml version="1.0" encoding="utf-8"?>
<Project ToolsVersion="4.0" xmlns="http://schemas.microsoft.com/developer/msbuild/2003">
  <ItemGroup>
    <Filter Include="Исходные файлы">
      <UniqueIdentifier>{4FC737F1-C7A5-4376-A066-2A32D752A2FF}</UniqueIdentifier>
      <Extensions>cpp;c;cc;cxx;c++;cppm;ixx;def;odl;idl;hpj;bat;asm;asmx</Extensions>
    </Filter>
    <Filter Include="Файлы заголовков">
      <UniqueIdentifier>{93995380-89BD-4b04-88EB-625FBE52EBFB}</UniqueIdentifier>
      <Extensions>h;hh;hpp;hxx;h++;hm;inl;inc;ipp;xsd</Extensions>
    </Filter>
    <Filter Include="Файлы ресурсов">
      <UniqueIdentifier>{67DA6AB6-F800-4c08-8B7A-83BB121AAD01}</UniqueIdentifier>
      <Extensions>rc;ico;cur;bmp;dlg;rc2;rct;bin;rgs;gif;jpg;jpeg;jpe;resx;tiff;tif;png;wav;mfcribbon-ms</Extensions>
    </Filter>
    <Filter Include="modules">
      <UniqueIdentifier>{d57ca70f-86ed-40ba-9eb9-cd4b39979cbe}</UniqueIdentifier>
    </Filter>
    <Filter Include="modules\botCmd">
      <UniqueIdentifier>{5d3c8092-84f3-45b0-ab9b-371b5af8f6f7}</UniqueIdentifier>
    </Filter>
    <Filter Include="modules\keyBoard">
      <UniqueIdentifier>{1f186557-198a-4072-af1f-c4ef97340c96}</UniqueIdentifier>
    </Filter>
    <Filter Include="modules\account">
      <UniqueIdentifier>{5aadda4d-d98a-43df-9174-6800bbca8a7b}</UniqueIdentifier>
    </Filter>
    <Filter Include="modules\users">
      <UniqueIdentifier>{b9844878-2ad9-4f3b-89fd-36d225f62535}</UniqueIdentifier>
    </Filter>
    <Filter Include="libs">
      <UniqueIdentifier>{e6c5209f-47ac-4ad8-88a1-56aa48c9d472}</UniqueIdentifier>
    </Filter>
    <Filter Include="libs\cJSON">
      <UniqueIdentifier>{2bf70747-4c76-4ad9-9c22-500cc8e8ae15}</UniqueIdentifier>
    </Filter>
    <Filter Include="libs\cJSON\tests">
      <UniqueIdentifier>{19712681-ac15-4abf-bb89-81f30c939953}</UniqueIdentifier>
    </Filter>
    <Filter Include="modules\dataBase">
      <UniqueIdentifier>{7e92240c-e665-4e92-94fa-9d7497463508}</UniqueIdentifier>
    </Filter>
    <Filter Include="modules\patients">
      <UniqueIdentifier>{fa8a6095-ad7e-4616-8a13-31530eee0871}</UniqueIdentifier>
    </Filter>
    <Filter Include="modules\doctors">
      <UniqueIdentifier>{4428a25b-68c5-43d6-bf73-cb3f4bd9a752}</UniqueIdentifier>
    </Filter>
    <Filter Include="modules\appointment">
      <UniqueIdentifier>{6a3e2b8f-4f04-417c-95b5-f19cafc104d5}</UniqueIdentifier>
    </Filter>
  </ItemGroup>
  <ItemGroup>
    <ClCompile Include="telemed.cpp">
      <Filter>Исходные файлы</Filter>
    </ClCompile>
    <ClCompile Include="modules\keyBoard\keyBoard.cpp">
      <Filter>modules\keyBoard</Filter>
    </ClCompile>
    <ClCompile Include="modules\botCmd\botCmd.cpp">
      <Filter>modules\botCmd</Filter>
    </ClCompile>
    <ClCompile Include="modules\account\account.cpp">
      <Filter>modules\account</Filter>
    </ClCompile>
    <ClCompile Include="modules\users\user.cpp">
      <Filter>modules\users</Filter>
    </ClCompile>
    <ClCompile Include="libs\cJSON\cJSON.c">
      <Filter>libs\cJSON</Filter>
    </ClCompile>
    <ClCompile Include="modules\dataBase\dataBase.cpp">
      <Filter>modules\dataBase</Filter>
    </ClCompile>
    <ClCompile Include="modules\patients\patients.cpp">
      <Filter>modules\patients</Filter>
    </ClCompile>
    <ClCompile Include="modules\doctors\doctors.cpp">
      <Filter>modules\doctors</Filter>
    </ClCompile>
    <ClCompile Include="modules\doctors\doctorDataBase.cpp">
      <Filter>modules\doctors</Filter>
    </ClCompile>
    <ClCompile Include="modules\appointment\appointment.cpp">
      <Filter>modules\appointment</Filter>
    </ClCompile>
    <ClCompile Include="modules\appointment\appointmentDataBase.cpp">
      <Filter>modules\appointment</Filter>
    </ClCompile>
  </ItemGroup>
  <ItemGroup>
    <ClInclude Include="knTypes.h">
      <Filter>Файлы заголовков</Filter>
    </ClInclude>
    <ClInclude Include="config.h">
      <Filter>Файлы заголовков</Filter>
    </ClInclude>
    <ClInclude Include="modules\keyBoard\keyBoard.h">
      <Filter>modules\keyBoard</Filter>
    </ClInclude>
    <ClInclude Include="modules\keyBoard\keyBoardCfg.h">
      <Filter>modules\keyBoard</Filter>
    </ClInclude>
    <ClInclude Include="modules\botCmd\botCmd.h">
      <Filter>modules\botCmd</Filter>
    </ClInclude>
    <ClInclude Include="modules\account\account.h">
      <Filter>modules\account</Filter>
    </ClInclude>
    <ClInclude Include="modules\users\user.h">
      <Filter>modules\users</Filter>
    </ClInclude>
    <ClInclude Include="libs\cJSON\cJSON.h">
      <Filter>libs\cJSON</Filter>
    </ClInclude>
    <ClInclude Include="modules\dataBase\dataBase.h">
      <Filter>modules\dataBase</Filter>
    </ClInclude>
    <ClInclude Include="modules\patients\patients.h">
      <Filter>modules\patients</Filter>
    </ClInclude>
    <ClInclude Include="modules\doctors\doctors.h">
      <Filter>modules\doctors</Filter>
    </ClInclude>
    <ClInclude Include="modules\doctors\doctorDataBase.h">
      <Filter>modules\doctors</Filter>
    </ClInclude>
    <ClInclude Include="modules\appointment\appointment.h">
      <Filter>modules\appointment</Filter>
    </ClInclude>
    <ClInclude Include="modules\appointment\appointmentDataBase.h">
      <Filter>modules\appointment</Filter>
    </ClInclude>
  </ItemGroup>
  <ItemGroup>
    <None Include="libs\cJSON\.DS_Store">
      <Filter>libs\cJSON</Filter>
    </None>
    <None Include="libs\cJSON\LICENSE">
      <Filter>libs\cJSON</Filter>
    </None>
    <None Include="libs\cJSON\README">
      <Filter>libs\cJSON</Filter>
    </None>
    <None Include="libs\cJSON\tests\test1">
      <Filter>libs\cJSON\tests</Filter>
    </None>
    <None Include="libs\cJSON\tests\test2">
      <Filter>libs\cJSON\tests</Filter>
    </None>
    <None Include="libs\cJSON\tests\test3">
      <Filter>libs\cJSON\tests</Filter>
    </None>
    <None Include="libs\cJSON\tests\test4">
      <Filter>libs\cJSON\tests</Filter>
    </None>
    <None Include="libs\cJSON\tests\test5">
      <Filter>libs\cJSON\tests</Filter>
    </None>
  </ItemGroup>
</Project>