<?xml version="1.0" encoding="utf-8"?>
<Project ToolsVersion="4.0" xmlns="http://schemas.microsoft.com/developer/msbuild/2003">
  <ItemGroup>
    <Filter Include="Исходные файлы">
      <UniqueIdentifier>{4FC737F1-C7A5-4376-A066-2A32D752A2FF}</UniqueIdentifier>
      <Extensions>cpp;c;cc;cxx;c++;cppm;ixx;def;odl;idl;hpj;bat;asm;asmx</Extensions>
    </Filter>
    <Filter Include="Файлы заголовков">
      <UniqueIdentifier>{93995380-89BD-4b04-88EB-625FBE52EBFB}</UniqueIdentifier>
      <Extensions>h;hh;hpp;hxx;h++;hm;inl;inc;ipp;xsd</Extensions>
    </Filter>
    <Filter Include="Файлы ресурсов">
      <UniqueIdentifier>{67DA6AB6-F800-4c08-8B7A-83BB121AAD01}</UniqueIdentifier>
      <Extensions>rc;ico;cur;bmp;dlg;rc2;rct;bin;rgs;gif;jpg;jpeg;jpe;resx;tiff;tif;png;wav;mfcribbon-ms</Extensions>
    </Filter>
    <Filter Include="modules">
      <UniqueIdentifier>{d57ca70f-86ed-40ba-9eb9-cd4b39979cbe}</UniqueIdentifier>
    </Filter>
    <Filter Include="modules\botCmd">
      <UniqueIdentifier>{5d3c8092-84f3-45b0-ab9b-371b5af8f6f7}</UniqueIdentifier>
    </Filter>
    <Filter Include="modules\keyBoard">
      <UniqueIdentifier>{1f186557-198a-4072-af1f-c4ef97340c96}</UniqueIdentifier>
    </Filter>
    <Filter Include="modules\account">
      <UniqueIdentifier>{5aadda4d-d98a-43df-9174-6800bbca8a7b}</UniqueIdentifier>
    </Filter>
    <Filter Include="modules\users">
      <UniqueIdentifier>{b9844878-2ad9-4f3b-89fd-36d225f62535}</UniqueIdentifier>
    </Filter>
  </ItemGroup>
  <ItemGroup>
    <ClCompile Include="telemed.cpp">
      <Filter>Исходные файлы</Filter>
    </ClCompile>
    <ClCompile Include="modules\keyBoard\keyBoard.cpp">
      <Filter>modules\keyBoard</Filter>
    </ClCompile>
    <ClCompile Include="modules\botCmd\botCmd.cpp">
      <Filter>modules\botCmd</Filter>
    </ClCompile>
    <ClCompile Include="modules\account\account.cpp">
      <Filter>modules\account</Filter>
    </ClCompile>
    <ClCompile Include="modules\users\user.cpp">
      <Filter>modules\users</Filter>
    </ClCompile>
  </ItemGroup>
  <ItemGroup>
    <ClInclude Include="knTypes.h">
      <Filter>Файлы заголовков</Filter>
    </ClInclude>
    <ClInclude Include="config.h">
      <Filter>Файлы заголовков</Filter>
    </ClInclude>
    <ClInclude Include="modules\keyBoard\keyBoard.h">
      <Filter>modules\keyBoard</Filter>
    </ClInclude>
    <ClInclude Include="modules\keyBoard\keyBoardCfg.h">
      <Filter>modules\keyBoard</Filter>
    </ClInclude>
    <ClInclude Include="modules\botCmd\botCmd.h">
      <Filter>modules\botCmd</Filter>
    </ClInclude>
    <ClInclude Include="modules\account\account.h">
      <Filter>modules\account</Filter>
    </ClInclude>
    <ClInclude Include="modules\users\user.h">
      <Filter>modules\users</Filter>
    </ClInclude>
  </ItemGroup>
</Project>